
Microsoft Visual Studio Solution File, Format Version 12.00
# Visual Studio 15
VisualStudioVersion = 15.0.27004.2009
MinimumVisualStudioVersion = 10.0.40219.1
Project("{9A19103F-16F7-4668-BE54-9A1E7A4F7556}") = "WebApp", "WebApp\WebApp.csproj", "{A986074B-B35C-4DBF-9FF8-287E18F2EAEB}"
EndProject
Project("{FAE04EC0-301F-11D3-BF4B-00C04F79EFBC}") = "WebApp.Tests", "WebApp.Tests\WebApp.Tests.csproj", "{8ACD1EC4-101F-45A9-A491-B96BF58025FC}"
EndProject
Global
	GlobalSection(SolutionConfigurationPlatforms) = preSolution
		Debug|Any CPU = Debug|Any CPU
		Release|Any CPU = Release|Any CPU
	EndGlobalSection
	GlobalSection(ProjectConfigurationPlatforms) = postSolution
		{A986074B-B35C-4DBF-9FF8-287E18F2EAEB}.Debug|Any CPU.ActiveCfg = Debug|Any CPU
		{A986074B-B35C-4DBF-9FF8-287E18F2EAEB}.Debug|Any CPU.Build.0 = Debug|Any CPU
		{A986074B-B35C-4DBF-9FF8-287E18F2EAEB}.Release|Any CPU.ActiveCfg = Release|Any CPU
		{A986074B-B35C-4DBF-9FF8-287E18F2EAEB}.Release|Any CPU.Build.0 = Release|Any CPU
		{8ACD1EC4-101F-45A9-A491-B96BF58025FC}.Debug|Any CPU.ActiveCfg = Debug|Any CPU
		{8ACD1EC4-101F-45A9-A491-B96BF58025FC}.Debug|Any CPU.Build.0 = Debug|Any CPU
		{8ACD1EC4-101F-45A9-A491-B96BF58025FC}.Release|Any CPU.ActiveCfg = Release|Any CPU
		{8ACD1EC4-101F-45A9-A491-B96BF58025FC}.Release|Any CPU.Build.0 = Release|Any CPU
	EndGlobalSection
	GlobalSection(SolutionProperties) = preSolution
		HideSolutionNode = FALSE
	EndGlobalSection
	GlobalSection(ExtensibilityGlobals) = postSolution
		SolutionGuid = {AE63CA12-FD71-4700-8878-4BCDB4ADF572}
	EndGlobalSection
EndGlobal
